
Microsoft Visual Studio Solution File, Format Version 12.00
# Visual Studio 15
VisualStudioVersion = 15.0.27428.2015
MinimumVisualStudioVersion = 10.0.40219.1
Project("{9A19103F-16F7-4668-BE54-9A1E7A4F7556}") = "Domain", "Domain\Domain.csproj", "{C6391B11-252A-4A70-9637-D1CE2D836761}"
EndProject
Project("{9A19103F-16F7-4668-BE54-9A1E7A4F7556}") = "ProductInfrastructure", "ProductInfrastructure\ProductInfrastructure.csproj", "{359BC6A2-BFEA-4C07-92C9-C768FF2D6B84}"
EndProject
Project("{9A19103F-16F7-4668-BE54-9A1E7A4F7556}") = "Domain.Tests", "Domain.Tests\Domain.Tests.csproj", "{D19F0794-F56B-408A-87C5-A6017D06D36A}"
EndProject
Project("{9A19103F-16F7-4668-BE54-9A1E7A4F7556}") = "InMemoryInfrastructure", "InMemoryInfrastructure\InMemoryInfrastructure.csproj", "{73FCF21B-49BA-458B-96AE-9D545B6E2983}"
EndProject
Project("{9A19103F-16F7-4668-BE54-9A1E7A4F7556}") = "WebApplication", "WebApplication\WebApplication.csproj", "{9FAFE385-7467-404D-B24E-8800A197A67F}"
EndProject
Global
	GlobalSection(SolutionConfigurationPlatforms) = preSolution
		Debug|Any CPU = Debug|Any CPU
		Release|Any CPU = Release|Any CPU
	EndGlobalSection
	GlobalSection(ProjectConfigurationPlatforms) = postSolution
		{C6391B11-252A-4A70-9637-D1CE2D836761}.Debug|Any CPU.ActiveCfg = Debug|Any CPU
		{C6391B11-252A-4A70-9637-D1CE2D836761}.Debug|Any CPU.Build.0 = Debug|Any CPU
		{C6391B11-252A-4A70-9637-D1CE2D836761}.Release|Any CPU.ActiveCfg = Release|Any CPU
		{C6391B11-252A-4A70-9637-D1CE2D836761}.Release|Any CPU.Build.0 = Release|Any CPU
		{359BC6A2-BFEA-4C07-92C9-C768FF2D6B84}.Debug|Any CPU.ActiveCfg = Debug|Any CPU
		{359BC6A2-BFEA-4C07-92C9-C768FF2D6B84}.Debug|Any CPU.Build.0 = Debug|Any CPU
		{359BC6A2-BFEA-4C07-92C9-C768FF2D6B84}.Release|Any CPU.ActiveCfg = Release|Any CPU
		{359BC6A2-BFEA-4C07-92C9-C768FF2D6B84}.Release|Any CPU.Build.0 = Release|Any CPU
		{D19F0794-F56B-408A-87C5-A6017D06D36A}.Debug|Any CPU.ActiveCfg = Debug|Any CPU
		{D19F0794-F56B-408A-87C5-A6017D06D36A}.Debug|Any CPU.Build.0 = Debug|Any CPU
		{D19F0794-F56B-408A-87C5-A6017D06D36A}.Release|Any CPU.ActiveCfg = Release|Any CPU
		{D19F0794-F56B-408A-87C5-A6017D06D36A}.Release|Any CPU.Build.0 = Release|Any CPU
		{73FCF21B-49BA-458B-96AE-9D545B6E2983}.Debug|Any CPU.ActiveCfg = Debug|Any CPU
		{73FCF21B-49BA-458B-96AE-9D545B6E2983}.Debug|Any CPU.Build.0 = Debug|Any CPU
		{73FCF21B-49BA-458B-96AE-9D545B6E2983}.Release|Any CPU.ActiveCfg = Release|Any CPU
		{73FCF21B-49BA-458B-96AE-9D545B6E2983}.Release|Any CPU.Build.0 = Release|Any CPU
		{9FAFE385-7467-404D-B24E-8800A197A67F}.Debug|Any CPU.ActiveCfg = Debug|Any CPU
		{9FAFE385-7467-404D-B24E-8800A197A67F}.Debug|Any CPU.Build.0 = Debug|Any CPU
		{9FAFE385-7467-404D-B24E-8800A197A67F}.Release|Any CPU.ActiveCfg = Release|Any CPU
		{9FAFE385-7467-404D-B24E-8800A197A67F}.Release|Any CPU.Build.0 = Release|Any CPU
	EndGlobalSection
	GlobalSection(SolutionProperties) = preSolution
		HideSolutionNode = FALSE
	EndGlobalSection
	GlobalSection(ExtensibilityGlobals) = postSolution
		SolutionGuid = {0557A76C-83DF-4DCF-B114-69E4E7DE98FC}
	EndGlobalSection
EndGlobal
